
Microsoft Visual Studio Solution File, Format Version 12.00
# Visual Studio Version 16
VisualStudioVersion = 16.0.31402.337
MinimumVisualStudioVersion = 10.0.40219.1
Project("{FAE04EC0-301F-11D3-BF4B-00C04F79EFBC}") = "CustomerAPI", "CustomerAPI.csproj", "{A67F7AA8-5D6F-47FC-B494-345603278476}"
EndProject
Project("{FAE04EC0-301F-11D3-BF4B-00C04F79EFBC}") = "CustomerData", "..\CustomerData\CustomerData.csproj", "{FC89B166-F0A6-4984-8FB9-45E2C3904BF1}"
EndProject
Project("{FAE04EC0-301F-11D3-BF4B-00C04F79EFBC}") = "CustomerAPITests", "..\CustomerAPITests\CustomerAPITests.csproj", "{9CB59EC1-F00F-4EE2-B103-7335155D1D06}"
EndProject
Global
	GlobalSection(SolutionConfigurationPlatforms) = preSolution
		Debug|Any CPU = Debug|Any CPU
		Release|Any CPU = Release|Any CPU
	EndGlobalSection
	GlobalSection(ProjectConfigurationPlatforms) = postSolution
		{A67F7AA8-5D6F-47FC-B494-345603278476}.Debug|Any CPU.ActiveCfg = Debug|Any CPU
		{A67F7AA8-5D6F-47FC-B494-345603278476}.Debug|Any CPU.Build.0 = Debug|Any CPU
		{A67F7AA8-5D6F-47FC-B494-345603278476}.Release|Any CPU.ActiveCfg = Release|Any CPU
		{A67F7AA8-5D6F-47FC-B494-345603278476}.Release|Any CPU.Build.0 = Release|Any CPU
		{FC89B166-F0A6-4984-8FB9-45E2C3904BF1}.Debug|Any CPU.ActiveCfg = Debug|Any CPU
		{FC89B166-F0A6-4984-8FB9-45E2C3904BF1}.Debug|Any CPU.Build.0 = Debug|Any CPU
		{FC89B166-F0A6-4984-8FB9-45E2C3904BF1}.Release|Any CPU.ActiveCfg = Release|Any CPU
		{FC89B166-F0A6-4984-8FB9-45E2C3904BF1}.Release|Any CPU.Build.0 = Release|Any CPU
		{9CB59EC1-F00F-4EE2-B103-7335155D1D06}.Debug|Any CPU.ActiveCfg = Debug|Any CPU
		{9CB59EC1-F00F-4EE2-B103-7335155D1D06}.Debug|Any CPU.Build.0 = Debug|Any CPU
		{9CB59EC1-F00F-4EE2-B103-7335155D1D06}.Release|Any CPU.ActiveCfg = Release|Any CPU
		{9CB59EC1-F00F-4EE2-B103-7335155D1D06}.Release|Any CPU.Build.0 = Release|Any CPU
	EndGlobalSection
	GlobalSection(SolutionProperties) = preSolution
		HideSolutionNode = FALSE
	EndGlobalSection
	GlobalSection(ExtensibilityGlobals) = postSolution
		SolutionGuid = {783E70E5-73D7-4921-955F-C7574B350D58}
	EndGlobalSection
EndGlobal
